
Microsoft Visual Studio Solution File, Format Version 12.00
# Visual Studio Version 17
VisualStudioVersion = 17.9.34723.18
MinimumVisualStudioVersion = 10.0.40219.1
Project("{FAE04EC0-301F-11D3-BF4B-00C04F79EFBC}") = "Pract4", "Pract4\Pract4.csproj", "{8F402698-8A49-4827-A9A9-3D79287F0AE9}"
EndProject
Global
	GlobalSection(SolutionConfigurationPlatforms) = preSolution
		Debug|Any CPU = Debug|Any CPU
		Release|Any CPU = Release|Any CPU
	EndGlobalSection
	GlobalSection(ProjectConfigurationPlatforms) = postSolution
		{8F402698-8A49-4827-A9A9-3D79287F0AE9}.Debug|Any CPU.ActiveCfg = Debug|Any CPU
		{8F402698-8A49-4827-A9A9-3D79287F0AE9}.Debug|Any CPU.Build.0 = Debug|Any CPU
		{8F402698-8A49-4827-A9A9-3D79287F0AE9}.Release|Any CPU.ActiveCfg = Release|Any CPU
		{8F402698-8A49-4827-A9A9-3D79287F0AE9}.Release|Any CPU.Build.0 = Release|Any CPU
	EndGlobalSection
	GlobalSection(SolutionProperties) = preSolution
		HideSolutionNode = FALSE
	EndGlobalSection
	GlobalSection(ExtensibilityGlobals) = postSolution
		SolutionGuid = {CF93700A-8666-4121-9C02-C2A08073F1B7}
	EndGlobalSection
EndGlobal
